
Microsoft Visual Studio Solution File, Format Version 12.00
# Visual Studio Version 17
VisualStudioVersion = 17.7.34031.279
MinimumVisualStudioVersion = 10.0.40219.1
Project("{FAE04EC0-301F-11D3-BF4B-00C04F79EFBC}") = "MerhabaDunya", "MerhabaDunya\MerhabaDunya.csproj", "{77CD042B-6DDF-418A-9A89-CD88D3F4488F}"
EndProject
Global
	GlobalSection(SolutionConfigurationPlatforms) = preSolution
		Debug|Any CPU = Debug|Any CPU
		Release|Any CPU = Release|Any CPU
	EndGlobalSection
	GlobalSection(ProjectConfigurationPlatforms) = postSolution
		{77CD042B-6DDF-418A-9A89-CD88D3F4488F}.Debug|Any CPU.ActiveCfg = Debug|Any CPU
		{77CD042B-6DDF-418A-9A89-CD88D3F4488F}.Debug|Any CPU.Build.0 = Debug|Any CPU
		{77CD042B-6DDF-418A-9A89-CD88D3F4488F}.Release|Any CPU.ActiveCfg = Release|Any CPU
		{77CD042B-6DDF-418A-9A89-CD88D3F4488F}.Release|Any CPU.Build.0 = Release|Any CPU
	EndGlobalSection
	GlobalSection(SolutionProperties) = preSolution
		HideSolutionNode = FALSE
	EndGlobalSection
	GlobalSection(ExtensibilityGlobals) = postSolution
		SolutionGuid = {D1CA7A8F-04BD-4B13-B225-3809D09BD288}
	EndGlobalSection
EndGlobal
